// !$*UTF8*$!
{
	archiveVersion = 1;
	classes = {
	};
	objectVersion = 56;
	objects = {

/* Begin PBXBuildFile section */
		C445B86D2CB8AE3C0047FD72 /* App_Push_Test_UITests.swift in Sources */ = {isa = PBXBuildFile; fileRef = C445B86C2CB8AE3C0047FD72 /* App_Push_Test_UITests.swift */; };
		C445B86F2CB8AE3C0047FD72 /* App_Push_Test_UITestsLaunchTests.swift in Sources */ = {isa = PBXBuildFile; fileRef = C445B86E2CB8AE3C0047FD72 /* App_Push_Test_UITestsLaunchTests.swift */; };
		C445B87C2CB8B5330047FD72 /* App_Push_Test_SampleTests.swift in Sources */ = {isa = PBXBuildFile; fileRef = C445B87B2CB8B5330047FD72 /* App_Push_Test_SampleTests.swift */; };
		C445B8832CB8B5A20047FD72 /* LoginValidationTest.swift in Sources */ = {isa = PBXBuildFile; fileRef = C445B8822CB8B5A20047FD72 /* LoginValidationTest.swift */; };
		C46C20D82CB8CE7F0025D4F1 /* Validator.swift in Sources */ = {isa = PBXBuildFile; fileRef = C46C20D72CB8CE7F0025D4F1 /* Validator.swift */; };
		C46C20DA2CB8CEE00025D4F1 /* UpgradeValidationTest.swift in Sources */ = {isa = PBXBuildFile; fileRef = C46C20D92CB8CEE00025D4F1 /* UpgradeValidationTest.swift */; };
		C4D148A62CBCA53E002F73D5 /* NetworkTest.swift in Sources */ = {isa = PBXBuildFile; fileRef = C4D148A52CBCA53E002F73D5 /* NetworkTest.swift */; };
		C4D148A82CBCA5D5002F73D5 /* NetworkManager.swift in Sources */ = {isa = PBXBuildFile; fileRef = C4D148A72CBCA5D5002F73D5 /* NetworkManager.swift */; };
		C4D148AB2CBCA605002F73D5 /* Alamofire in Frameworks */ = {isa = PBXBuildFile; productRef = C4D148AA2CBCA605002F73D5 /* Alamofire */; };
		C4D148AD2CBCB6DB002F73D5 /* LottoViewModel.swift in Sources */ = {isa = PBXBuildFile; fileRef = C4D148AC2CBCB6DB002F73D5 /* LottoViewModel.swift */; };
		C4D148AF2CBCBD82002F73D5 /* NetworkMockTest.swift in Sources */ = {isa = PBXBuildFile; fileRef = C4D148AE2CBCBD82002F73D5 /* NetworkMockTest.swift */; };
		C4D927C32CB36C8500AAD7E1 /* AppDelegate.swift in Sources */ = {isa = PBXBuildFile; fileRef = C4D927C22CB36C8500AAD7E1 /* AppDelegate.swift */; };
		C4D927C52CB36C8500AAD7E1 /* SceneDelegate.swift in Sources */ = {isa = PBXBuildFile; fileRef = C4D927C42CB36C8500AAD7E1 /* SceneDelegate.swift */; };
		C4D927C72CB36C8500AAD7E1 /* ViewController.swift in Sources */ = {isa = PBXBuildFile; fileRef = C4D927C62CB36C8500AAD7E1 /* ViewController.swift */; };
		C4D927CA2CB36C8500AAD7E1 /* Base in Resources */ = {isa = PBXBuildFile; fileRef = C4D927C92CB36C8500AAD7E1 /* Base */; };
		C4D927CC2CB36C8600AAD7E1 /* Assets.xcassets in Resources */ = {isa = PBXBuildFile; fileRef = C4D927CB2CB36C8600AAD7E1 /* Assets.xcassets */; };
		C4D927CF2CB36C8600AAD7E1 /* Base in Resources */ = {isa = PBXBuildFile; fileRef = C4D927CE2CB36C8600AAD7E1 /* Base */; };
		C4D927D92CB3712100AAD7E1 /* FirebaseAnalyticsWithoutAdIdSupport in Frameworks */ = {isa = PBXBuildFile; productRef = C4D927D82CB3712100AAD7E1 /* FirebaseAnalyticsWithoutAdIdSupport */; };
		C4D927DB2CB3712100AAD7E1 /* FirebaseCrashlytics in Frameworks */ = {isa = PBXBuildFile; productRef = C4D927DA2CB3712100AAD7E1 /* FirebaseCrashlytics */; };
		C4D927DD2CB3712100AAD7E1 /* FirebaseMessaging in Frameworks */ = {isa = PBXBuildFile; productRef = C4D927DC2CB3712100AAD7E1 /* FirebaseMessaging */; };
		C4D927DF2CB3724000AAD7E1 /* GoogleService-Info.plist in Resources */ = {isa = PBXBuildFile; fileRef = C4D927DE2CB3724000AAD7E1 /* GoogleService-Info.plist */; };
/* End PBXBuildFile section */

/* Begin PBXContainerItemProxy section */
		C445B8702CB8AE3C0047FD72 /* PBXContainerItemProxy */ = {
			isa = PBXContainerItemProxy;
			containerPortal = C4D927B72CB36C8500AAD7E1 /* Project object */;
			proxyType = 1;
			remoteGlobalIDString = C4D927BE2CB36C8500AAD7E1;
			remoteInfo = "App-Push-Test";
		};
		C445B87D2CB8B5330047FD72 /* PBXContainerItemProxy */ = {
			isa = PBXContainerItemProxy;
			containerPortal = C4D927B72CB36C8500AAD7E1 /* Project object */;
			proxyType = 1;
			remoteGlobalIDString = C4D927BE2CB36C8500AAD7E1;
			remoteInfo = "App-Push-Test";
		};
/* End PBXContainerItemProxy section */

/* Begin PBXFileReference section */
		C445B86A2CB8AE3C0047FD72 /* App-Push-Test-UITests.xctest */ = {isa = PBXFileReference; explicitFileType = wrapper.cfbundle; includeInIndex = 0; path = "App-Push-Test-UITests.xctest"; sourceTree = BUILT_PRODUCTS_DIR; };
		C445B86C2CB8AE3C0047FD72 /* App_Push_Test_UITests.swift */ = {isa = PBXFileReference; lastKnownFileType = sourcecode.swift; path = App_Push_Test_UITests.swift; sourceTree = "<group>"; };
		C445B86E2CB8AE3C0047FD72 /* App_Push_Test_UITestsLaunchTests.swift */ = {isa = PBXFileReference; lastKnownFileType = sourcecode.swift; path = App_Push_Test_UITestsLaunchTests.swift; sourceTree = "<group>"; };
		C445B8792CB8B5330047FD72 /* App-Push-Test-SampleTests.xctest */ = {isa = PBXFileReference; explicitFileType = wrapper.cfbundle; includeInIndex = 0; path = "App-Push-Test-SampleTests.xctest"; sourceTree = BUILT_PRODUCTS_DIR; };
		C445B87B2CB8B5330047FD72 /* App_Push_Test_SampleTests.swift */ = {isa = PBXFileReference; lastKnownFileType = sourcecode.swift; path = App_Push_Test_SampleTests.swift; sourceTree = "<group>"; };
		C445B8822CB8B5A20047FD72 /* LoginValidationTest.swift */ = {isa = PBXFileReference; lastKnownFileType = sourcecode.swift; path = LoginValidationTest.swift; sourceTree = "<group>"; };
		C46C20D72CB8CE7F0025D4F1 /* Validator.swift */ = {isa = PBXFileReference; lastKnownFileType = sourcecode.swift; path = Validator.swift; sourceTree = "<group>"; };
		C46C20D92CB8CEE00025D4F1 /* UpgradeValidationTest.swift */ = {isa = PBXFileReference; lastKnownFileType = sourcecode.swift; path = UpgradeValidationTest.swift; sourceTree = "<group>"; };
		C4D148A52CBCA53E002F73D5 /* NetworkTest.swift */ = {isa = PBXFileReference; lastKnownFileType = sourcecode.swift; path = NetworkTest.swift; sourceTree = "<group>"; };
		C4D148A72CBCA5D5002F73D5 /* NetworkManager.swift */ = {isa = PBXFileReference; lastKnownFileType = sourcecode.swift; path = NetworkManager.swift; sourceTree = "<group>"; };
		C4D148AC2CBCB6DB002F73D5 /* LottoViewModel.swift */ = {isa = PBXFileReference; lastKnownFileType = sourcecode.swift; path = LottoViewModel.swift; sourceTree = "<group>"; };
		C4D148AE2CBCBD82002F73D5 /* NetworkMockTest.swift */ = {isa = PBXFileReference; lastKnownFileType = sourcecode.swift; path = NetworkMockTest.swift; sourceTree = "<group>"; };
		C4D927BF2CB36C8500AAD7E1 /* App-Push-Test.app */ = {isa = PBXFileReference; explicitFileType = wrapper.application; includeInIndex = 0; path = "App-Push-Test.app"; sourceTree = BUILT_PRODUCTS_DIR; };
		C4D927C22CB36C8500AAD7E1 /* AppDelegate.swift */ = {isa = PBXFileReference; lastKnownFileType = sourcecode.swift; path = AppDelegate.swift; sourceTree = "<group>"; };
		C4D927C42CB36C8500AAD7E1 /* SceneDelegate.swift */ = {isa = PBXFileReference; lastKnownFileType = sourcecode.swift; path = SceneDelegate.swift; sourceTree = "<group>"; };
		C4D927C62CB36C8500AAD7E1 /* ViewController.swift */ = {isa = PBXFileReference; lastKnownFileType = sourcecode.swift; path = ViewController.swift; sourceTree = "<group>"; };
		C4D927C92CB36C8500AAD7E1 /* Base */ = {isa = PBXFileReference; lastKnownFileType = file.storyboard; name = Base; path = Base.lproj/Main.storyboard; sourceTree = "<group>"; };
		C4D927CB2CB36C8600AAD7E1 /* Assets.xcassets */ = {isa = PBXFileReference; lastKnownFileType = folder.assetcatalog; path = Assets.xcassets; sourceTree = "<group>"; };
		C4D927CE2CB36C8600AAD7E1 /* Base */ = {isa = PBXFileReference; lastKnownFileType = file.storyboard; name = Base; path = Base.lproj/LaunchScreen.storyboard; sourceTree = "<group>"; };
		C4D927D02CB36C8600AAD7E1 /* Info.plist */ = {isa = PBXFileReference; lastKnownFileType = text.plist.xml; path = Info.plist; sourceTree = "<group>"; };
		C4D927D62CB36CE700AAD7E1 /* App-Push-Test.entitlements */ = {isa = PBXFileReference; lastKnownFileType = text.plist.entitlements; path = "App-Push-Test.entitlements"; sourceTree = "<group>"; };
		C4D927DE2CB3724000AAD7E1 /* GoogleService-Info.plist */ = {isa = PBXFileReference; fileEncoding = 4; lastKnownFileType = text.plist.xml; path = "GoogleService-Info.plist"; sourceTree = "<group>"; };
/* End PBXFileReference section */

/* Begin PBXFrameworksBuildPhase section */
		C445B8672CB8AE3C0047FD72 /* Frameworks */ = {
			isa = PBXFrameworksBuildPhase;
			buildActionMask = 2147483647;
			files = (
			);
			runOnlyForDeploymentPostprocessing = 0;
		};
		C445B8762CB8B5330047FD72 /* Frameworks */ = {
			isa = PBXFrameworksBuildPhase;
			buildActionMask = 2147483647;
			files = (
			);
			runOnlyForDeploymentPostprocessing = 0;
		};
		C4D927BC2CB36C8500AAD7E1 /* Frameworks */ = {
			isa = PBXFrameworksBuildPhase;
			buildActionMask = 2147483647;
			files = (
				C4D927DD2CB3712100AAD7E1 /* FirebaseMessaging in Frameworks */,
				C4D148AB2CBCA605002F73D5 /* Alamofire in Frameworks */,
				C4D927D92CB3712100AAD7E1 /* FirebaseAnalyticsWithoutAdIdSupport in Frameworks */,
				C4D927DB2CB3712100AAD7E1 /* FirebaseCrashlytics in Frameworks */,
			);
			runOnlyForDeploymentPostprocessing = 0;
		};
/* End PBXFrameworksBuildPhase section */

/* Begin PBXGroup section */
		C445B86B2CB8AE3C0047FD72 /* App-Push-Test-UITests */ = {
			isa = PBXGroup;
			children = (
				C445B86C2CB8AE3C0047FD72 /* App_Push_Test_UITests.swift */,
				C445B86E2CB8AE3C0047FD72 /* App_Push_Test_UITestsLaunchTests.swift */,
			);
			path = "App-Push-Test-UITests";
			sourceTree = "<group>";
		};
		C445B87A2CB8B5330047FD72 /* App-Push-Test-SampleTests */ = {
			isa = PBXGroup;
			children = (
				C445B87B2CB8B5330047FD72 /* App_Push_Test_SampleTests.swift */,
				C445B8822CB8B5A20047FD72 /* LoginValidationTest.swift */,
				C46C20D92CB8CEE00025D4F1 /* UpgradeValidationTest.swift */,
				C4D148A52CBCA53E002F73D5 /* NetworkTest.swift */,
				C4D148AE2CBCBD82002F73D5 /* NetworkMockTest.swift */,
			);
			path = "App-Push-Test-SampleTests";
			sourceTree = "<group>";
		};
		C4D927B62CB36C8500AAD7E1 = {
			isa = PBXGroup;
			children = (
				C4D927C12CB36C8500AAD7E1 /* App-Push-Test */,
				C445B86B2CB8AE3C0047FD72 /* App-Push-Test-UITests */,
				C445B87A2CB8B5330047FD72 /* App-Push-Test-SampleTests */,
				C4D927C02CB36C8500AAD7E1 /* Products */,
			);
			sourceTree = "<group>";
		};
		C4D927C02CB36C8500AAD7E1 /* Products */ = {
			isa = PBXGroup;
			children = (
				C4D927BF2CB36C8500AAD7E1 /* App-Push-Test.app */,
				C445B86A2CB8AE3C0047FD72 /* App-Push-Test-UITests.xctest */,
				C445B8792CB8B5330047FD72 /* App-Push-Test-SampleTests.xctest */,
			);
			name = Products;
			sourceTree = "<group>";
		};
		C4D927C12CB36C8500AAD7E1 /* App-Push-Test */ = {
			isa = PBXGroup;
			children = (
				C4D927DE2CB3724000AAD7E1 /* GoogleService-Info.plist */,
				C4D927D62CB36CE700AAD7E1 /* App-Push-Test.entitlements */,
				C4D927C22CB36C8500AAD7E1 /* AppDelegate.swift */,
				C4D927C42CB36C8500AAD7E1 /* SceneDelegate.swift */,
				C4D927C62CB36C8500AAD7E1 /* ViewController.swift */,
				C4D927C82CB36C8500AAD7E1 /* Main.storyboard */,
				C4D927CB2CB36C8600AAD7E1 /* Assets.xcassets */,
				C4D927CD2CB36C8600AAD7E1 /* LaunchScreen.storyboard */,
				C4D927D02CB36C8600AAD7E1 /* Info.plist */,
				C46C20D72CB8CE7F0025D4F1 /* Validator.swift */,
				C4D148A72CBCA5D5002F73D5 /* NetworkManager.swift */,
				C4D148AC2CBCB6DB002F73D5 /* LottoViewModel.swift */,
			);
			path = "App-Push-Test";
			sourceTree = "<group>";
		};
/* End PBXGroup section */

/* Begin PBXNativeTarget section */
		C445B8692CB8AE3C0047FD72 /* App-Push-Test-UITests */ = {
			isa = PBXNativeTarget;
			buildConfigurationList = C445B8742CB8AE3C0047FD72 /* Build configuration list for PBXNativeTarget "App-Push-Test-UITests" */;
			buildPhases = (
				C445B8662CB8AE3C0047FD72 /* Sources */,
				C445B8672CB8AE3C0047FD72 /* Frameworks */,
				C445B8682CB8AE3C0047FD72 /* Resources */,
			);
			buildRules = (
			);
			dependencies = (
				C445B8712CB8AE3C0047FD72 /* PBXTargetDependency */,
			);
			name = "App-Push-Test-UITests";
			productName = "App-Push-Test-UITests";
			productReference = C445B86A2CB8AE3C0047FD72 /* App-Push-Test-UITests.xctest */;
			productType = "com.apple.product-type.bundle.ui-testing";
		};
		C445B8782CB8B5330047FD72 /* App-Push-Test-SampleTests */ = {
			isa = PBXNativeTarget;
			buildConfigurationList = C445B87F2CB8B5330047FD72 /* Build configuration list for PBXNativeTarget "App-Push-Test-SampleTests" */;
			buildPhases = (
				C445B8752CB8B5330047FD72 /* Sources */,
				C445B8762CB8B5330047FD72 /* Frameworks */,
				C445B8772CB8B5330047FD72 /* Resources */,
			);
			buildRules = (
			);
			dependencies = (
				C445B87E2CB8B5330047FD72 /* PBXTargetDependency */,
			);
			name = "App-Push-Test-SampleTests";
			productName = "App-Push-Test-SampleTests";
			productReference = C445B8792CB8B5330047FD72 /* App-Push-Test-SampleTests.xctest */;
			productType = "com.apple.product-type.bundle.unit-test";
		};
		C4D927BE2CB36C8500AAD7E1 /* App-Push-Test */ = {
			isa = PBXNativeTarget;
			buildConfigurationList = C4D927D32CB36C8600AAD7E1 /* Build configuration list for PBXNativeTarget "App-Push-Test" */;
			buildPhases = (
				C4D927BB2CB36C8500AAD7E1 /* Sources */,
				C4D927BC2CB36C8500AAD7E1 /* Frameworks */,
				C4D927BD2CB36C8500AAD7E1 /* Resources */,
			);
			buildRules = (
			);
			dependencies = (
			);
			name = "App-Push-Test";
			packageProductDependencies = (
				C4D927D82CB3712100AAD7E1 /* FirebaseAnalyticsWithoutAdIdSupport */,
				C4D927DA2CB3712100AAD7E1 /* FirebaseCrashlytics */,
				C4D927DC2CB3712100AAD7E1 /* FirebaseMessaging */,
				C4D148AA2CBCA605002F73D5 /* Alamofire */,
			);
			productName = "App-Push-Test";
			productReference = C4D927BF2CB36C8500AAD7E1 /* App-Push-Test.app */;
			productType = "com.apple.product-type.application";
		};
/* End PBXNativeTarget section */

/* Begin PBXProject section */
		C4D927B72CB36C8500AAD7E1 /* Project object */ = {
			isa = PBXProject;
			attributes = {
				BuildIndependentTargetsInParallel = 1;
				LastSwiftUpdateCheck = 1540;
				LastUpgradeCheck = 1540;
				TargetAttributes = {
					C445B8692CB8AE3C0047FD72 = {
						CreatedOnToolsVersion = 15.4;
						TestTargetID = C4D927BE2CB36C8500AAD7E1;
					};
					C445B8782CB8B5330047FD72 = {
						CreatedOnToolsVersion = 15.4;
						TestTargetID = C4D927BE2CB36C8500AAD7E1;
					};
					C4D927BE2CB36C8500AAD7E1 = {
						CreatedOnToolsVersion = 15.4;
					};
				};
			};
			buildConfigurationList = C4D927BA2CB36C8500AAD7E1 /* Build configuration list for PBXProject "App-Push-Test" */;
			compatibilityVersion = "Xcode 14.0";
			developmentRegion = en;
			hasScannedForEncodings = 0;
			knownRegions = (
				en,
				Base,
			);
			mainGroup = C4D927B62CB36C8500AAD7E1;
			packageReferences = (
				C4D927D72CB3712100AAD7E1 /* XCRemoteSwiftPackageReference "firebase-ios-sdk" */,
				C4D148A92CBCA605002F73D5 /* XCRemoteSwiftPackageReference "Alamofire" */,
			);
			productRefGroup = C4D927C02CB36C8500AAD7E1 /* Products */;
			projectDirPath = "";
			projectRoot = "";
			targets = (
				C4D927BE2CB36C8500AAD7E1 /* App-Push-Test */,
				C445B8692CB8AE3C0047FD72 /* App-Push-Test-UITests */,
				C445B8782CB8B5330047FD72 /* App-Push-Test-SampleTests */,
			);
		};
/* End PBXProject section */

/* Begin PBXResourcesBuildPhase section */
		C445B8682CB8AE3C0047FD72 /* Resources */ = {
			isa = PBXResourcesBuildPhase;
			buildActionMask = 2147483647;
			files = (
			);
			runOnlyForDeploymentPostprocessing = 0;
		};
		C445B8772CB8B5330047FD72 /* Resources */ = {
			isa = PBXResourcesBuildPhase;
			buildActionMask = 2147483647;
			files = (
			);
			runOnlyForDeploymentPostprocessing = 0;
		};
		C4D927BD2CB36C8500AAD7E1 /* Resources */ = {
			isa = PBXResourcesBuildPhase;
			buildActionMask = 2147483647;
			files = (
				C4D927CC2CB36C8600AAD7E1 /* Assets.xcassets in Resources */,
				C4D927DF2CB3724000AAD7E1 /* GoogleService-Info.plist in Resources */,
				C4D927CF2CB36C8600AAD7E1 /* Base in Resources */,
				C4D927CA2CB36C8500AAD7E1 /* Base in Resources */,
			);
			runOnlyForDeploymentPostprocessing = 0;
		};
/* End PBXResourcesBuildPhase section */

/* Begin PBXSourcesBuildPhase section */
		C445B8662CB8AE3C0047FD72 /* Sources */ = {
			isa = PBXSourcesBuildPhase;
			buildActionMask = 2147483647;
			files = (
				C445B86F2CB8AE3C0047FD72 /* App_Push_Test_UITestsLaunchTests.swift in Sources */,
				C445B86D2CB8AE3C0047FD72 /* App_Push_Test_UITests.swift in Sources */,
			);
			runOnlyForDeploymentPostprocessing = 0;
		};
		C445B8752CB8B5330047FD72 /* Sources */ = {
			isa = PBXSourcesBuildPhase;
			buildActionMask = 2147483647;
			files = (
				C445B8832CB8B5A20047FD72 /* LoginValidationTest.swift in Sources */,
				C46C20DA2CB8CEE00025D4F1 /* UpgradeValidationTest.swift in Sources */,
				C4D148AF2CBCBD82002F73D5 /* NetworkMockTest.swift in Sources */,
				C4D148A62CBCA53E002F73D5 /* NetworkTest.swift in Sources */,
				C445B87C2CB8B5330047FD72 /* App_Push_Test_SampleTests.swift in Sources */,
			);
			runOnlyForDeploymentPostprocessing = 0;
		};
		C4D927BB2CB36C8500AAD7E1 /* Sources */ = {
			isa = PBXSourcesBuildPhase;
			buildActionMask = 2147483647;
			files = (
				C46C20D82CB8CE7F0025D4F1 /* Validator.swift in Sources */,
				C4D927C72CB36C8500AAD7E1 /* ViewController.swift in Sources */,
				C4D148A82CBCA5D5002F73D5 /* NetworkManager.swift in Sources */,
				C4D927C32CB36C8500AAD7E1 /* AppDelegate.swift in Sources */,
				C4D927C52CB36C8500AAD7E1 /* SceneDelegate.swift in Sources */,
				C4D148AD2CBCB6DB002F73D5 /* LottoViewModel.swift in Sources */,
			);
			runOnlyForDeploymentPostprocessing = 0;
		};
/* End PBXSourcesBuildPhase section */

/* Begin PBXTargetDependency section */
		C445B8712CB8AE3C0047FD72 /* PBXTargetDependency */ = {
			isa = PBXTargetDependency;
			target = C4D927BE2CB36C8500AAD7E1 /* App-Push-Test */;
			targetProxy = C445B8702CB8AE3C0047FD72 /* PBXContainerItemProxy */;
		};
		C445B87E2CB8B5330047FD72 /* PBXTargetDependency */ = {
			isa = PBXTargetDependency;
			target = C4D927BE2CB36C8500AAD7E1 /* App-Push-Test */;
			targetProxy = C445B87D2CB8B5330047FD72 /* PBXContainerItemProxy */;
		};
/* End PBXTargetDependency section */

/* Begin PBXVariantGroup section */
		C4D927C82CB36C8500AAD7E1 /* Main.storyboard */ = {
			isa = PBXVariantGroup;
			children = (
				C4D927C92CB36C8500AAD7E1 /* Base */,
			);
			name = Main.storyboard;
			sourceTree = "<group>";
		};
		C4D927CD2CB36C8600AAD7E1 /* LaunchScreen.storyboard */ = {
			isa = PBXVariantGroup;
			children = (
				C4D927CE2CB36C8600AAD7E1 /* Base */,
			);
			name = LaunchScreen.storyboard;
			sourceTree = "<group>";
		};
/* End PBXVariantGroup section */

/* Begin XCBuildConfiguration section */
		C445B8722CB8AE3C0047FD72 /* Debug */ = {
			isa = XCBuildConfiguration;
			buildSettings = {
				CODE_SIGN_STYLE = Automatic;
				CURRENT_PROJECT_VERSION = 1;
				DEVELOPMENT_TEAM = 95Z2W8U6PK;
				GENERATE_INFOPLIST_FILE = YES;
				MARKETING_VERSION = 1.0;
				PRODUCT_BUNDLE_IDENTIFIER = "com.junehee.App-Push-Test-UITests";
				PRODUCT_NAME = "$(TARGET_NAME)";
				SWIFT_EMIT_LOC_STRINGS = NO;
				SWIFT_VERSION = 5.0;
				TARGETED_DEVICE_FAMILY = "1,2";
				TEST_TARGET_NAME = "App-Push-Test";
			};
			name = Debug;
		};
		C445B8732CB8AE3C0047FD72 /* Release */ = {
			isa = XCBuildConfiguration;
			buildSettings = {
				CODE_SIGN_STYLE = Automatic;
				CURRENT_PROJECT_VERSION = 1;
				DEVELOPMENT_TEAM = 95Z2W8U6PK;
				GENERATE_INFOPLIST_FILE = YES;
				MARKETING_VERSION = 1.0;
				PRODUCT_BUNDLE_IDENTIFIER = "com.junehee.App-Push-Test-UITests";
				PRODUCT_NAME = "$(TARGET_NAME)";
				SWIFT_EMIT_LOC_STRINGS = NO;
				SWIFT_VERSION = 5.0;
				TARGETED_DEVICE_FAMILY = "1,2";
				TEST_TARGET_NAME = "App-Push-Test";
			};
			name = Release;
		};
		C445B8802CB8B5330047FD72 /* Debug */ = {
			isa = XCBuildConfiguration;
			buildSettings = {
				BUNDLE_LOADER = "$(TEST_HOST)";
				CODE_SIGN_STYLE = Automatic;
				CURRENT_PROJECT_VERSION = 1;
				DEVELOPMENT_TEAM = 95Z2W8U6PK;
				GENERATE_INFOPLIST_FILE = YES;
				MARKETING_VERSION = 1.0;
				PRODUCT_BUNDLE_IDENTIFIER = "com.junehee.App-Push-Test-SampleTests";
				PRODUCT_NAME = "$(TARGET_NAME)";
				SWIFT_EMIT_LOC_STRINGS = NO;
				SWIFT_VERSION = 5.0;
				TARGETED_DEVICE_FAMILY = "1,2";
				TEST_HOST = "$(BUILT_PRODUCTS_DIR)/App-Push-Test.app/$(BUNDLE_EXECUTABLE_FOLDER_PATH)/App-Push-Test";
			};
			name = Debug;
		};
		C445B8812CB8B5330047FD72 /* Release */ = {
			isa = XCBuildConfiguration;
			buildSettings = {
				BUNDLE_LOADER = "$(TEST_HOST)";
				CODE_SIGN_STYLE = Automatic;
				CURRENT_PROJECT_VERSION = 1;
				DEVELOPMENT_TEAM = 95Z2W8U6PK;
				GENERATE_INFOPLIST_FILE = YES;
				MARKETING_VERSION = 1.0;
				PRODUCT_BUNDLE_IDENTIFIER = "com.junehee.App-Push-Test-SampleTests";
				PRODUCT_NAME = "$(TARGET_NAME)";
				SWIFT_EMIT_LOC_STRINGS = NO;
				SWIFT_VERSION = 5.0;
				TARGETED_DEVICE_FAMILY = "1,2";
				TEST_HOST = "$(BUILT_PRODUCTS_DIR)/App-Push-Test.app/$(BUNDLE_EXECUTABLE_FOLDER_PATH)/App-Push-Test";
			};
			name = Release;
		};
		C4D927D12CB36C8600AAD7E1 /* Debug */ = {
			isa = XCBuildConfiguration;
			buildSettings = {
				ALWAYS_SEARCH_USER_PATHS = NO;
				ASSETCATALOG_COMPILER_GENERATE_SWIFT_ASSET_SYMBOL_EXTENSIONS = YES;
				CLANG_ANALYZER_NONNULL = YES;
				CLANG_ANALYZER_NUMBER_OBJECT_CONVERSION = YES_AGGRESSIVE;
				CLANG_CXX_LANGUAGE_STANDARD = "gnu++20";
				CLANG_ENABLE_MODULES = YES;
				CLANG_ENABLE_OBJC_ARC = YES;
				CLANG_ENABLE_OBJC_WEAK = YES;
				CLANG_WARN_BLOCK_CAPTURE_AUTORELEASING = YES;
				CLANG_WARN_BOOL_CONVERSION = YES;
				CLANG_WARN_COMMA = YES;
				CLANG_WARN_CONSTANT_CONVERSION = YES;
				CLANG_WARN_DEPRECATED_OBJC_IMPLEMENTATIONS = YES;
				CLANG_WARN_DIRECT_OBJC_ISA_USAGE = YES_ERROR;
				CLANG_WARN_DOCUMENTATION_COMMENTS = YES;
				CLANG_WARN_EMPTY_BODY = YES;
				CLANG_WARN_ENUM_CONVERSION = YES;
				CLANG_WARN_INFINITE_RECURSION = YES;
				CLANG_WARN_INT_CONVERSION = YES;
				CLANG_WARN_NON_LITERAL_NULL_CONVERSION = YES;
				CLANG_WARN_OBJC_IMPLICIT_RETAIN_SELF = YES;
				CLANG_WARN_OBJC_LITERAL_CONVERSION = YES;
				CLANG_WARN_OBJC_ROOT_CLASS = YES_ERROR;
				CLANG_WARN_QUOTED_INCLUDE_IN_FRAMEWORK_HEADER = YES;
				CLANG_WARN_RANGE_LOOP_ANALYSIS = YES;
				CLANG_WARN_STRICT_PROTOTYPES = YES;
				CLANG_WARN_SUSPICIOUS_MOVE = YES;
				CLANG_WARN_UNGUARDED_AVAILABILITY = YES_AGGRESSIVE;
				CLANG_WARN_UNREACHABLE_CODE = YES;
				CLANG_WARN__DUPLICATE_METHOD_MATCH = YES;
				COPY_PHASE_STRIP = NO;
				DEBUG_INFORMATION_FORMAT = dwarf;
				ENABLE_STRICT_OBJC_MSGSEND = YES;
				ENABLE_TESTABILITY = YES;
				ENABLE_USER_SCRIPT_SANDBOXING = YES;
				GCC_C_LANGUAGE_STANDARD = gnu17;
				GCC_DYNAMIC_NO_PIC = NO;
				GCC_NO_COMMON_BLOCKS = YES;
				GCC_OPTIMIZATION_LEVEL = 0;
				GCC_PREPROCESSOR_DEFINITIONS = (
					"DEBUG=1",
					"$(inherited)",
				);
				GCC_WARN_64_TO_32_BIT_CONVERSION = YES;
				GCC_WARN_ABOUT_RETURN_TYPE = YES_ERROR;
				GCC_WARN_UNDECLARED_SELECTOR = YES;
				GCC_WARN_UNINITIALIZED_AUTOS = YES_AGGRESSIVE;
				GCC_WARN_UNUSED_FUNCTION = YES;
				GCC_WARN_UNUSED_VARIABLE = YES;
				IPHONEOS_DEPLOYMENT_TARGET = 17.5;
				LOCALIZATION_PREFERS_STRING_CATALOGS = YES;
				MTL_ENABLE_DEBUG_INFO = INCLUDE_SOURCE;
				MTL_FAST_MATH = YES;
				ONLY_ACTIVE_ARCH = YES;
				SDKROOT = iphoneos;
				SWIFT_ACTIVE_COMPILATION_CONDITIONS = "DEBUG $(inherited)";
				SWIFT_OPTIMIZATION_LEVEL = "-Onone";
			};
			name = Debug;
		};
		C4D927D22CB36C8600AAD7E1 /* Release */ = {
			isa = XCBuildConfiguration;
			buildSettings = {
				ALWAYS_SEARCH_USER_PATHS = NO;
				ASSETCATALOG_COMPILER_GENERATE_SWIFT_ASSET_SYMBOL_EXTENSIONS = YES;
				CLANG_ANALYZER_NONNULL = YES;
				CLANG_ANALYZER_NUMBER_OBJECT_CONVERSION = YES_AGGRESSIVE;
				CLANG_CXX_LANGUAGE_STANDARD = "gnu++20";
				CLANG_ENABLE_MODULES = YES;
				CLANG_ENABLE_OBJC_ARC = YES;
				CLANG_ENABLE_OBJC_WEAK = YES;
				CLANG_WARN_BLOCK_CAPTURE_AUTORELEASING = YES;
				CLANG_WARN_BOOL_CONVERSION = YES;
				CLANG_WARN_COMMA = YES;
				CLANG_WARN_CONSTANT_CONVERSION = YES;
				CLANG_WARN_DEPRECATED_OBJC_IMPLEMENTATIONS = YES;
				CLANG_WARN_DIRECT_OBJC_ISA_USAGE = YES_ERROR;
				CLANG_WARN_DOCUMENTATION_COMMENTS = YES;
				CLANG_WARN_EMPTY_BODY = YES;
				CLANG_WARN_ENUM_CONVERSION = YES;
				CLANG_WARN_INFINITE_RECURSION = YES;
				CLANG_WARN_INT_CONVERSION = YES;
				CLANG_WARN_NON_LITERAL_NULL_CONVERSION = YES;
				CLANG_WARN_OBJC_IMPLICIT_RETAIN_SELF = YES;
				CLANG_WARN_OBJC_LITERAL_CONVERSION = YES;
				CLANG_WARN_OBJC_ROOT_CLASS = YES_ERROR;
				CLANG_WARN_QUOTED_INCLUDE_IN_FRAMEWORK_HEADER = YES;
				CLANG_WARN_RANGE_LOOP_ANALYSIS = YES;
				CLANG_WARN_STRICT_PROTOTYPES = YES;
				CLANG_WARN_SUSPICIOUS_MOVE = YES;
				CLANG_WARN_UNGUARDED_AVAILABILITY = YES_AGGRESSIVE;
				CLANG_WARN_UNREACHABLE_CODE = YES;
				CLANG_WARN__DUPLICATE_METHOD_MATCH = YES;
				COPY_PHASE_STRIP = NO;
				DEBUG_INFORMATION_FORMAT = "dwarf-with-dsym";
				ENABLE_NS_ASSERTIONS = NO;
				ENABLE_STRICT_OBJC_MSGSEND = YES;
				ENABLE_USER_SCRIPT_SANDBOXING = YES;
				GCC_C_LANGUAGE_STANDARD = gnu17;
				GCC_NO_COMMON_BLOCKS = YES;
				GCC_WARN_64_TO_32_BIT_CONVERSION = YES;
				GCC_WARN_ABOUT_RETURN_TYPE = YES_ERROR;
				GCC_WARN_UNDECLARED_SELECTOR = YES;
				GCC_WARN_UNINITIALIZED_AUTOS = YES_AGGRESSIVE;
				GCC_WARN_UNUSED_FUNCTION = YES;
				GCC_WARN_UNUSED_VARIABLE = YES;
				IPHONEOS_DEPLOYMENT_TARGET = 17.5;
				LOCALIZATION_PREFERS_STRING_CATALOGS = YES;
				MTL_ENABLE_DEBUG_INFO = NO;
				MTL_FAST_MATH = YES;
				SDKROOT = iphoneos;
				SWIFT_COMPILATION_MODE = wholemodule;
				VALIDATE_PRODUCT = YES;
			};
			name = Release;
		};
		C4D927D42CB36C8600AAD7E1 /* Debug */ = {
			isa = XCBuildConfiguration;
			buildSettings = {
				ASSETCATALOG_COMPILER_APPICON_NAME = AppIcon;
				ASSETCATALOG_COMPILER_GLOBAL_ACCENT_COLOR_NAME = AccentColor;
				CODE_SIGN_ENTITLEMENTS = "App-Push-Test/App-Push-Test.entitlements";
				CODE_SIGN_STYLE = Automatic;
				CURRENT_PROJECT_VERSION = 1;
				DEVELOPMENT_TEAM = 95Z2W8U6PK;
				GENERATE_INFOPLIST_FILE = YES;
				INFOPLIST_FILE = "App-Push-Test/Info.plist";
				INFOPLIST_KEY_UIApplicationSupportsIndirectInputEvents = YES;
				INFOPLIST_KEY_UILaunchStoryboardName = LaunchScreen;
				INFOPLIST_KEY_UIMainStoryboardFile = Main;
				INFOPLIST_KEY_UISupportedInterfaceOrientations = UIInterfaceOrientationPortrait;
				INFOPLIST_KEY_UISupportedInterfaceOrientations_iPad = "UIInterfaceOrientationLandscapeLeft UIInterfaceOrientationLandscapeRight UIInterfaceOrientationPortrait UIInterfaceOrientationPortraitUpsideDown";
				LD_RUNPATH_SEARCH_PATHS = (
					"$(inherited)",
					"@executable_path/Frameworks",
				);
				MARKETING_VERSION = 1.0;
				PRODUCT_BUNDLE_IDENTIFIER = "com.junehee.App-Push-Test";
				PRODUCT_NAME = "$(TARGET_NAME)";
				SUPPORTED_PLATFORMS = "iphoneos iphonesimulator";
				SUPPORTS_MACCATALYST = NO;
				SUPPORTS_MAC_DESIGNED_FOR_IPHONE_IPAD = NO;
				SUPPORTS_XR_DESIGNED_FOR_IPHONE_IPAD = NO;
				SWIFT_EMIT_LOC_STRINGS = YES;
				SWIFT_VERSION = 5.0;
				TARGETED_DEVICE_FAMILY = 1;
			};
			name = Debug;
		};
		C4D927D52CB36C8600AAD7E1 /* Release */ = {
			isa = XCBuildConfiguration;
			buildSettings = {
				ASSETCATALOG_COMPILER_APPICON_NAME = AppIcon;
				ASSETCATALOG_COMPILER_GLOBAL_ACCENT_COLOR_NAME = AccentColor;
				CODE_SIGN_ENTITLEMENTS = "App-Push-Test/App-Push-Test.entitlements";
				CODE_SIGN_STYLE = Automatic;
				CURRENT_PROJECT_VERSION = 1;
				DEVELOPMENT_TEAM = 95Z2W8U6PK;
				GENERATE_INFOPLIST_FILE = YES;
				INFOPLIST_FILE = "App-Push-Test/Info.plist";
				INFOPLIST_KEY_UIApplicationSupportsIndirectInputEvents = YES;
				INFOPLIST_KEY_UILaunchStoryboardName = LaunchScreen;
				INFOPLIST_KEY_UIMainStoryboardFile = Main;
				INFOPLIST_KEY_UISupportedInterfaceOrientations = UIInterfaceOrientationPortrait;
				INFOPLIST_KEY_UISupportedInterfaceOrientations_iPad = "UIInterfaceOrientationLandscapeLeft UIInterfaceOrientationLandscapeRight UIInterfaceOrientationPortrait UIInterfaceOrientationPortraitUpsideDown";
				LD_RUNPATH_SEARCH_PATHS = (
					"$(inherited)",
					"@executable_path/Frameworks",
				);
				MARKETING_VERSION = 1.0;
				PRODUCT_BUNDLE_IDENTIFIER = "com.junehee.App-Push-Test";
				PRODUCT_NAME = "$(TARGET_NAME)";
				SUPPORTED_PLATFORMS = "iphoneos iphonesimulator";
				SUPPORTS_MACCATALYST = NO;
				SUPPORTS_MAC_DESIGNED_FOR_IPHONE_IPAD = NO;
				SUPPORTS_XR_DESIGNED_FOR_IPHONE_IPAD = NO;
				SWIFT_EMIT_LOC_STRINGS = YES;
				SWIFT_VERSION = 5.0;
				TARGETED_DEVICE_FAMILY = 1;
			};
			name = Release;
		};
/* End XCBuildConfiguration section */

/* Begin XCConfigurationList section */
		C445B8742CB8AE3C0047FD72 /* Build configuration list for PBXNativeTarget "App-Push-Test-UITests" */ = {
			isa = XCConfigurationList;
			buildConfigurations = (
				C445B8722CB8AE3C0047FD72 /* Debug */,
				C445B8732CB8AE3C0047FD72 /* Release */,
			);
			defaultConfigurationIsVisible = 0;
			defaultConfigurationName = Release;
		};
		C445B87F2CB8B5330047FD72 /* Build configuration list for PBXNativeTarget "App-Push-Test-SampleTests" */ = {
			isa = XCConfigurationList;
			buildConfigurations = (
				C445B8802CB8B5330047FD72 /* Debug */,
				C445B8812CB8B5330047FD72 /* Release */,
			);
			defaultConfigurationIsVisible = 0;
			defaultConfigurationName = Release;
		};
		C4D927BA2CB36C8500AAD7E1 /* Build configuration list for PBXProject "App-Push-Test" */ = {
			isa = XCConfigurationList;
			buildConfigurations = (
				C4D927D12CB36C8600AAD7E1 /* Debug */,
				C4D927D22CB36C8600AAD7E1 /* Release */,
			);
			defaultConfigurationIsVisible = 0;
			defaultConfigurationName = Release;
		};
		C4D927D32CB36C8600AAD7E1 /* Build configuration list for PBXNativeTarget "App-Push-Test" */ = {
			isa = XCConfigurationList;
			buildConfigurations = (
				C4D927D42CB36C8600AAD7E1 /* Debug */,
				C4D927D52CB36C8600AAD7E1 /* Release */,
			);
			defaultConfigurationIsVisible = 0;
			defaultConfigurationName = Release;
		};
/* End XCConfigurationList section */

/* Begin XCRemoteSwiftPackageReference section */
		C4D148A92CBCA605002F73D5 /* XCRemoteSwiftPackageReference "Alamofire" */ = {
			isa = XCRemoteSwiftPackageReference;
			repositoryURL = "https://github.com/Alamofire/Alamofire";
			requirement = {
				kind = upToNextMajorVersion;
				minimumVersion = 5.10.0;
			};
		};
		C4D927D72CB3712100AAD7E1 /* XCRemoteSwiftPackageReference "firebase-ios-sdk" */ = {
			isa = XCRemoteSwiftPackageReference;
			repositoryURL = "https://github.com/firebase/firebase-ios-sdk";
			requirement = {
				kind = upToNextMajorVersion;
				minimumVersion = 11.3.0;
			};
		};
/* End XCRemoteSwiftPackageReference section */

/* Begin XCSwiftPackageProductDependency section */
		C4D148AA2CBCA605002F73D5 /* Alamofire */ = {
			isa = XCSwiftPackageProductDependency;
			package = C4D148A92CBCA605002F73D5 /* XCRemoteSwiftPackageReference "Alamofire" */;
			productName = Alamofire;
		};
		C4D927D82CB3712100AAD7E1 /* FirebaseAnalyticsWithoutAdIdSupport */ = {
			isa = XCSwiftPackageProductDependency;
			package = C4D927D72CB3712100AAD7E1 /* XCRemoteSwiftPackageReference "firebase-ios-sdk" */;
			productName = FirebaseAnalyticsWithoutAdIdSupport;
		};
		C4D927DA2CB3712100AAD7E1 /* FirebaseCrashlytics */ = {
			isa = XCSwiftPackageProductDependency;
			package = C4D927D72CB3712100AAD7E1 /* XCRemoteSwiftPackageReference "firebase-ios-sdk" */;
			productName = FirebaseCrashlytics;
		};
		C4D927DC2CB3712100AAD7E1 /* FirebaseMessaging */ = {
			isa = XCSwiftPackageProductDependency;
			package = C4D927D72CB3712100AAD7E1 /* XCRemoteSwiftPackageReference "firebase-ios-sdk" */;
			productName = FirebaseMessaging;
		};
/* End XCSwiftPackageProductDependency section */
	};
	rootObject = C4D927B72CB36C8500AAD7E1 /* Project object */;
}
